
Microsoft Visual Studio Solution File, Format Version 12.00
# Visual Studio 14
VisualStudioVersion = 14.0.25420.1
MinimumVisualStudioVersion = 10.0.40219.1
Project("{FAE04EC0-301F-11D3-BF4B-00C04F79EFBC}") = "CoffeeMaker_Server", "Server\CoffeeMaker_Server.csproj", "{36E21C68-C81F-40D8-91C0-6C0F41DFA8E4}"
EndProject
Project("{2150E333-8FDC-42A3-9474-1A3956D46DE8}") = "Common", "Common", "{FBCD0EDC-3412-4192-80BF-94CE8E4D83E7}"
EndProject
Project("{FAE04EC0-301F-11D3-BF4B-00C04F79EFBC}") = "CoffeeMaker_Client", "Client\CoffeeMaker_Client.csproj", "{6AADAF89-65DC-4890-94E7-2CBB29F0B12B}"
EndProject
Project("{FAE04EC0-301F-11D3-BF4B-00C04F79EFBC}") = "BassClass", "Common\BassClass\BassClass.csproj", "{A0178462-C71E-4813-972C-D255487197F9}"
EndProject
Global
	GlobalSection(SolutionConfigurationPlatforms) = preSolution
		Debug|Any CPU = Debug|Any CPU
		Release|Any CPU = Release|Any CPU
	EndGlobalSection
	GlobalSection(ProjectConfigurationPlatforms) = postSolution
		{36E21C68-C81F-40D8-91C0-6C0F41DFA8E4}.Debug|Any CPU.ActiveCfg = Debug|Any CPU
		{36E21C68-C81F-40D8-91C0-6C0F41DFA8E4}.Debug|Any CPU.Build.0 = Debug|Any CPU
		{36E21C68-C81F-40D8-91C0-6C0F41DFA8E4}.Release|Any CPU.ActiveCfg = Release|Any CPU
		{36E21C68-C81F-40D8-91C0-6C0F41DFA8E4}.Release|Any CPU.Build.0 = Release|Any CPU
		{6AADAF89-65DC-4890-94E7-2CBB29F0B12B}.Debug|Any CPU.ActiveCfg = Debug|Any CPU
		{6AADAF89-65DC-4890-94E7-2CBB29F0B12B}.Debug|Any CPU.Build.0 = Debug|Any CPU
		{6AADAF89-65DC-4890-94E7-2CBB29F0B12B}.Release|Any CPU.ActiveCfg = Release|Any CPU
		{6AADAF89-65DC-4890-94E7-2CBB29F0B12B}.Release|Any CPU.Build.0 = Release|Any CPU
		{A0178462-C71E-4813-972C-D255487197F9}.Debug|Any CPU.ActiveCfg = Debug|Any CPU
		{A0178462-C71E-4813-972C-D255487197F9}.Debug|Any CPU.Build.0 = Debug|Any CPU
		{A0178462-C71E-4813-972C-D255487197F9}.Release|Any CPU.ActiveCfg = Release|Any CPU
		{A0178462-C71E-4813-972C-D255487197F9}.Release|Any CPU.Build.0 = Release|Any CPU
	EndGlobalSection
	GlobalSection(SolutionProperties) = preSolution
		HideSolutionNode = FALSE
	EndGlobalSection
	GlobalSection(NestedProjects) = preSolution
		{A0178462-C71E-4813-972C-D255487197F9} = {FBCD0EDC-3412-4192-80BF-94CE8E4D83E7}
	EndGlobalSection
EndGlobal
