
Microsoft Visual Studio Solution File, Format Version 12.00
# Visual Studio 14
VisualStudioVersion = 14.0.25420.1
MinimumVisualStudioVersion = 10.0.40219.1
Project("{FAE04EC0-301F-11D3-BF4B-00C04F79EFBC}") = "CoffeMakcer", "CoffeMakcer.csproj", "{68964C8C-F477-459C-ABF9-F3A36DA2E315}"
EndProject
Project("{FAE04EC0-301F-11D3-BF4B-00C04F79EFBC}") = "UnitTestProject2", "..\UnitTestProject2\UnitTestProject2.csproj", "{62119D83-8D76-4FB9-A479-C30C2DBF4624}"
EndProject
Global
	GlobalSection(SolutionConfigurationPlatforms) = preSolution
		Debug|Any CPU = Debug|Any CPU
		Release|Any CPU = Release|Any CPU
	EndGlobalSection
	GlobalSection(ProjectConfigurationPlatforms) = postSolution
		{68964C8C-F477-459C-ABF9-F3A36DA2E315}.Debug|Any CPU.ActiveCfg = Debug|Any CPU
		{68964C8C-F477-459C-ABF9-F3A36DA2E315}.Debug|Any CPU.Build.0 = Debug|Any CPU
		{68964C8C-F477-459C-ABF9-F3A36DA2E315}.Release|Any CPU.ActiveCfg = Release|Any CPU
		{68964C8C-F477-459C-ABF9-F3A36DA2E315}.Release|Any CPU.Build.0 = Release|Any CPU
		{62119D83-8D76-4FB9-A479-C30C2DBF4624}.Debug|Any CPU.ActiveCfg = Debug|Any CPU
		{62119D83-8D76-4FB9-A479-C30C2DBF4624}.Debug|Any CPU.Build.0 = Debug|Any CPU
		{62119D83-8D76-4FB9-A479-C30C2DBF4624}.Release|Any CPU.ActiveCfg = Release|Any CPU
		{62119D83-8D76-4FB9-A479-C30C2DBF4624}.Release|Any CPU.Build.0 = Release|Any CPU
	EndGlobalSection
	GlobalSection(SolutionProperties) = preSolution
		HideSolutionNode = FALSE
	EndGlobalSection
EndGlobal
